
Microsoft Visual Studio Solution File, Format Version 12.00
# Visual Studio 15
VisualStudioVersion = 15.0.27703.2000
MinimumVisualStudioVersion = 10.0.40219.1
Project("{FAE04EC0-301F-11D3-BF4B-00C04F79EFBC}") = "ASSIGNMENT4", "ASSIGNMENT4\ASSIGNMENT4.csproj", "{2BBE5B97-20F2-4898-8110-4E8FBB14EDF8}"
EndProject
Global
	GlobalSection(SolutionConfigurationPlatforms) = preSolution
		Debug|Any CPU = Debug|Any CPU
		Release|Any CPU = Release|Any CPU
	EndGlobalSection
	GlobalSection(ProjectConfigurationPlatforms) = postSolution
		{2BBE5B97-20F2-4898-8110-4E8FBB14EDF8}.Debug|Any CPU.ActiveCfg = Debug|Any CPU
		{2BBE5B97-20F2-4898-8110-4E8FBB14EDF8}.Debug|Any CPU.Build.0 = Debug|Any CPU
		{2BBE5B97-20F2-4898-8110-4E8FBB14EDF8}.Release|Any CPU.ActiveCfg = Release|Any CPU
		{2BBE5B97-20F2-4898-8110-4E8FBB14EDF8}.Release|Any CPU.Build.0 = Release|Any CPU
	EndGlobalSection
	GlobalSection(SolutionProperties) = preSolution
		HideSolutionNode = FALSE
	EndGlobalSection
	GlobalSection(ExtensibilityGlobals) = postSolution
		SolutionGuid = {3055845C-8EF2-4269-9A9B-287B278912C5}
	EndGlobalSection
EndGlobal
